{
  "nodes": {
    "agenix": {
      "inputs": {
        "nixpkgs": "nixpkgs"
      },
      "locked": {
        "lastModified": 1631896269,
        "narHash": "sha256-DAyCxJ8JacayOzGgGSfzrn7ghtsfL/EsCyk1NEUaAR8=",
        "owner": "ryantm",
        "repo": "agenix",
        "rev": "daf1d773989ac5d949aeef03fce0fe27e583dbca",
        "type": "github"
      },
      "original": {
        "owner": "ryantm",
        "repo": "agenix",
        "type": "github"
      }
    },
    "androidPkgs": {
      "inputs": {
        "flake-utils": "flake-utils",
        "nixpkgs": "nixpkgs_6"
      },
      "locked": {
        "lastModified": 1623960850,
        "narHash": "sha256-mh2sqnweuITV4kFIK6a8wEeeY999DIHLrFE8dU2JiTM=",
        "owner": "tadfisher",
        "repo": "android-nixpkgs",
        "rev": "a68fee88e480673ac0cd4de9113ad222ae8efc5a",
        "type": "github"
      },
      "original": {
        "owner": "tadfisher",
        "ref": "stable",
        "repo": "android-nixpkgs",
        "type": "github"
      }
    },
    "cachix": {
      "locked": {
        "lastModified": 1632408697,
        "narHash": "sha256-JqTfu361AwFmV0WszXLAjfukqGxBbHRopRgdp9A2w8s=",
        "owner": "nixos",
        "repo": "nixpkgs",
        "rev": "a13824fe5e38187fbc75cd598b5c06bdcc13501f",
        "type": "github"
      },
      "original": {
        "owner": "nixos",
        "ref": "nixos-20.09",
        "repo": "nixpkgs",
        "type": "github"
      }
    },
    "cachix_2": {
      "locked": {
        "lastModified": 1633709683,
        "narHash": "sha256-KVJEToVd6SuUqc2XFIpfSjns07orqEWzIq9AcF/SIf8=",
        "owner": "nixos",
        "repo": "nixpkgs",
        "rev": "ce7a1190a0fa4ba3465b5f5471b08567060ca14c",
        "type": "github"
      },
      "original": {
        "owner": "nixos",
        "ref": "nixos-21.05",
        "repo": "nixpkgs",
        "type": "github"
      }
    },
    "dolphin-emu": {
      "flake": false,
      "locked": {
        "lastModified": 1634084872,
        "narHash": "sha256-9Fsa7vvdJ3BRdmeMYqa7DFst/ziGUh5GB/DU4DoB36I=",
        "ref": "master",
        "rev": "f19da1cf920d05fc6ee864fd1d2e35a95e15c911",
        "revCount": 35732,
        "submodules": true,
        "type": "git",
        "url": "https://github.com/dolphin-emu/dolphin.git"
      },
      "original": {
        "submodules": true,
        "type": "git",
        "url": "https://github.com/dolphin-emu/dolphin.git"
      }
    },
    "firefox": {
      "inputs": {
        "cachix": "cachix",
        "mozilla": "mozilla",
        "nixpkgs": [
          "nixpkgs"
        ]
      },
      "locked": {
        "lastModified": 1634082489,
        "narHash": "sha256-PdlAtBeDS/0lAj5pMJR4yL4K+ykJGLO4K60kXAQl9BY=",
        "owner": "colemickens",
        "repo": "flake-firefox-nightly",
        "rev": "594e681f215bdad47864eb9500db5801cb22dbc3",
        "type": "github"
      },
      "original": {
        "owner": "colemickens",
        "repo": "flake-firefox-nightly",
        "type": "github"
      }
    },
    "flake-ndi": {
      "inputs": {
        "nixpkgs": "nixpkgs_2"
      },
      "locked": {
        "lastModified": 1624160769,
        "narHash": "sha256-x7uz7GmE15lI93twATYCDYR21yyMhJlA/iSF8wneCXM=",
        "owner": "matthewcroughan",
        "repo": "flake-ndi",
        "rev": "d60c6d5d63f1866803604cf42d00435179db5e9f",
        "type": "github"
      },
      "original": {
        "owner": "matthewcroughan",
        "repo": "flake-ndi",
        "type": "github"
      }
    },
    "flake-utils": {
      "locked": {
        "lastModified": 1614513358,
        "narHash": "sha256-LakhOx3S1dRjnh0b5Dg3mbZyH0ToC9I8Y2wKSkBaTzU=",
        "owner": "numtide",
        "repo": "flake-utils",
        "rev": "5466c5bbece17adaab2d82fae80b46e807611bf3",
        "type": "github"
      },
      "original": {
        "owner": "numtide",
        "repo": "flake-utils",
        "type": "github"
      }
    },
    "fu": {
      "locked": {
        "lastModified": 1629481132,
        "narHash": "sha256-JHgasjPR0/J1J3DRm4KxM4zTyAj4IOJY8vIl75v/kPI=",
        "owner": "numtide",
        "repo": "flake-utils",
        "rev": "997f7efcb746a9c140ce1f13c72263189225f482",
        "type": "github"
      },
      "original": {
        "owner": "numtide",
        "repo": "flake-utils",
        "type": "github"
      }
    },
    "home-manager": {
      "inputs": {
        "nixpkgs": "nixpkgs_3"
      },
      "locked": {
        "lastModified": 1634081472,
        "narHash": "sha256-tN7xnabilqA5nYaWYg2Nz4mymxX8gBH65nWXRc1xXvY=",
        "owner": "nix-community",
        "repo": "home-manager",
        "rev": "b22004bf1f303d68d97928ffbd0b9c76c415362e",
        "type": "github"
      },
      "original": {
        "owner": "nix-community",
        "repo": "home-manager",
        "type": "github"
      }
    },
    "mozilla": {
      "flake": false,
      "locked": {
        "lastModified": 1629225446,
        "narHash": "sha256-HJX4Pc5ZUAg4apxB/XHuJ+6ukzvRQqeZMjscOBst2bA=",
        "owner": "mozilla",
        "repo": "nixpkgs-mozilla",
        "rev": "0510159186dd2ef46e5464484fbdf119393afa58",
        "type": "github"
      },
      "original": {
        "owner": "mozilla",
        "repo": "nixpkgs-mozilla",
        "type": "github"
      }
    },
    "nixos-hardware": {
      "locked": {
        "lastModified": 1633793047,
        "narHash": "sha256-XSMlHMVPKwcEqyHGdFj/ZeGMeZeKNwVExOfLlxcg4oE=",
        "owner": "nixos",
        "repo": "nixos-hardware",
        "rev": "3aabf78bfcae62f5f99474f2ebbbe418f1c6e54f",
        "type": "github"
      },
      "original": {
        "owner": "nixos",
        "repo": "nixos-hardware",
        "type": "github"
      }
    },
    "nixpkgs": {
      "locked": {
        "lastModified": 1618628710,
        "narHash": "sha256-9xIoU+BrCpjs5nfWcd/GlU7XCVdnNKJPffoNTxgGfhs=",
        "path": "/nix/store/z1rf17q0fxj935cmplzys4gg6nxj1as0-source",
        "rev": "7919518f0235106d050c77837df5e338fb94de5d",
        "type": "path"
      },
      "original": {
        "id": "nixpkgs",
        "type": "indirect"
      }
    },
    "nixpkgs-wayland": {
      "inputs": {
        "cachix": "cachix_2",
        "nixpkgs": "nixpkgs_5"
      },
      "locked": {
        "lastModified": 1633818921,
        "narHash": "sha256-jdj0mVYdVIL0hycrJrpqoml7+yS/SyOTaE2tbx0N2iI=",
        "owner": "colemickens",
        "repo": "nixpkgs-wayland",
        "rev": "d520342b4b05d539ae36d71454c47f1c30e3d1d6",
        "type": "github"
      },
      "original": {
        "owner": "colemickens",
        "repo": "nixpkgs-wayland",
        "type": "github"
      }
    },
    "nixpkgs_2": {
      "locked": {
        "lastModified": 1620340338,
        "narHash": "sha256-Op/4K0+Z9Sp5jtFH0s/zMM4H7VFZxrekcAmjQ6JpQ4w=",
        "owner": "nixos",
        "repo": "nixpkgs",
        "rev": "63586475587d7e0e078291ad4b49b6f6a6885100",
        "type": "github"
      },
      "original": {
        "owner": "nixos",
        "ref": "nixos-unstable",
        "repo": "nixpkgs",
        "type": "github"
      }
    },
    "nixpkgs_3": {
      "locked": {
        "lastModified": 1634093230,
        "narHash": "sha256-wmhNlu36f27llqo35fgMi1A+JttwCT6Nuq9tjG49sh4=",
        "owner": "NixOS",
        "repo": "nixpkgs",
        "rev": "f2dde7b3ebe6d0c0989f382acf9eb0f46af16e85",
        "type": "github"
      },
      "original": {
        "id": "nixpkgs",
        "type": "indirect"
      }
    },
    "nixpkgs_4": {
      "locked": {
        "lastModified": 1633791597,
        "narHash": "sha256-HzpxqTEnqsjkKWfW87kSI3WVizYjUMQeUjSIm3b5I0Y=",
        "owner": "nixos",
        "repo": "nixpkgs",
        "rev": "9bf75dd50b7b6d3ce6aaf6563db95f41438b9bdb",
        "type": "github"
      },
      "original": {
        "owner": "nixos",
        "ref": "nixos-unstable",
        "repo": "nixpkgs",
        "type": "github"
      }
    },
    "nixpkgs_5": {
      "locked": {
        "lastModified": 1633617995,
        "narHash": "sha256-+RfYXTAXtULLSAMFDHWaA20NhNg3YQ9GcntVJqDDjSI=",
        "owner": "nixos",
        "repo": "nixpkgs",
        "rev": "70088dc29994c32f8520150e34c6e57e8453f895",
        "type": "github"
      },
      "original": {
        "owner": "nixos",
        "ref": "nixos-unstable",
        "repo": "nixpkgs",
        "type": "github"
      }
    },
    "nixpkgs_6": {
      "locked": {
        "lastModified": 1614989413,
        "narHash": "sha256-g503bGSdVhLu2cKR5sHG8XetLFrVUzAL3+mrnQJpmdY=",
        "owner": "NixOS",
        "repo": "nixpkgs",
        "rev": "102eb68ceecbbd32ab1906a53ef5a7269dc9794a",
        "type": "github"
      },
      "original": {
        "owner": "NixOS",
        "ref": "nixos-unstable",
        "repo": "nixpkgs",
        "type": "github"
      }
    },
    "nixpkgs_7": {
      "locked": {
        "lastModified": 1623617138,
        "narHash": "sha256-zd03k0aZWdE+JjZjVbsQGCKmc1C4HIwIbW7MbI9ym6s=",
        "owner": "NixOS",
        "repo": "nixpkgs",
        "rev": "93963c27b934f24289a94b9e3784d60a9b77e92c",
        "type": "github"
      },
      "original": {
        "owner": "NixOS",
        "ref": "nixos-21.05",
        "repo": "nixpkgs",
        "type": "github"
      }
    },
    "nur": {
      "locked": {
        "lastModified": 1625297410,
        "narHash": "sha256-FZYy5y9HEA4iXaQN7FtZaRxGtpT+U3Bys7hLBZouPYc=",
        "owner": "nix-community",
        "repo": "NUR",
        "rev": "252f2dde658000cf47583a97839503f267cf8831",
        "type": "github"
      },
      "original": {
        "owner": "nix-community",
        "repo": "NUR",
        "type": "github"
      }
    },
    "robotnix": {
      "inputs": {
        "androidPkgs": "androidPkgs",
        "nixpkgs": "nixpkgs_7"
      },
      "locked": {
        "lastModified": 1625172338,
        "narHash": "sha256-+fhWXMHYhJVa7EGMBGjm84DzQXdgkESKU6DBsKIGOd4=",
        "owner": "danielfullmer",
        "repo": "robotnix",
        "rev": "67774271285c5ee64944e8cb41f8e4e46756d3cc",
        "type": "github"
      },
      "original": {
        "owner": "danielfullmer",
        "repo": "robotnix",
        "type": "github"
      }
    },
    "root": {
      "inputs": {
        "agenix": "agenix",
        "dolphin-emu": "dolphin-emu",
        "firefox": "firefox",
        "flake-ndi": "flake-ndi",
        "fu": "fu",
        "home-manager": "home-manager",
        "nixos-hardware": "nixos-hardware",
        "nixpkgs": "nixpkgs_4",
        "nixpkgs-wayland": "nixpkgs-wayland",
        "nur": "nur",
        "robotnix": "robotnix",
        "utils": "utils"
      }
    },
    "utils": {
      "inputs": {
        "flake-utils": [
          "fu"
        ]
      },
      "locked": {
        "lastModified": 1631138716,
        "narHash": "sha256-hp+/dyKWtt9p0MD7dNTR1foRWrjcitUp3848OnRQz7w=",
        "owner": "gytis-ivaskevicius",
        "repo": "flake-utils-plus",
        "rev": "51169bf93d010a874bc8fe8ea3dee1c24471b697",
        "type": "github"
      },
      "original": {
        "owner": "gytis-ivaskevicius",
        "repo": "flake-utils-plus",
        "type": "github"
      }
    }
  },
  "root": "root",
  "version": 7
}
