{
  "nodes": {
    "agenix": {
      "inputs": {
        "flake-utils": "flake-utils",
        "nixpkgs": "nixpkgs"
      },
      "locked": {
        "lastModified": 1620307122,
        "narHash": "sha256-YLS8foCbVXJiUPoz3NpfAwysxCMsKNIpWK0fetfPNI0=",
        "owner": "ryantm",
        "repo": "agenix",
        "rev": "c12ac8b6f336e1029f6d45c8ca0f2a3f95fbeb6b",
        "type": "github"
      },
      "original": {
        "owner": "ryantm",
        "repo": "agenix",
        "type": "github"
      }
    },
    "androidPkgs": {
      "inputs": {
        "flake-utils": "flake-utils_2",
        "nixpkgs": "nixpkgs_6"
      },
      "locked": {
        "lastModified": 1612383582,
        "narHash": "sha256-a3Gsku0X1u2ZkF0i09ogKHRI30bVEjMFwutz7u5CgL0=",
        "owner": "tadfisher",
        "repo": "android-nixpkgs",
        "rev": "63eb915c84f71123f038ab25852cc4e70911f4fe",
        "type": "github"
      },
      "original": {
        "owner": "tadfisher",
        "ref": "stable",
        "repo": "android-nixpkgs",
        "type": "github"
      }
    },
    "cachix": {
      "locked": {
        "lastModified": 1620332858,
        "narHash": "sha256-ZoOfRdndJhX4QQumeUOYXynTuI8GzkSs9bh451Vezak=",
        "owner": "nixos",
        "repo": "nixpkgs",
        "rev": "22612485a469d71df09b9434842767b1f4f2c063",
        "type": "github"
      },
      "original": {
        "owner": "nixos",
        "ref": "nixos-20.09",
        "repo": "nixpkgs",
        "type": "github"
      }
    },
    "cachix_2": {
      "locked": {
        "lastModified": 1620332858,
        "narHash": "sha256-ZoOfRdndJhX4QQumeUOYXynTuI8GzkSs9bh451Vezak=",
        "owner": "nixos",
        "repo": "nixpkgs",
        "rev": "22612485a469d71df09b9434842767b1f4f2c063",
        "type": "github"
      },
      "original": {
        "owner": "nixos",
        "ref": "nixos-20.09",
        "repo": "nixpkgs",
        "type": "github"
      }
    },
    "dolphin-emu": {
      "flake": false,
      "locked": {
        "lastModified": 1620588053,
        "narHash": "sha256-S7/II5vy3QOR9goeSuXHoNtA2JZDCBvgOWU3dZixwTg=",
        "owner": "dolphin-emu",
        "repo": "dolphin",
        "rev": "eb5cd9be78c76b9ccbab9e5fbd1721ef6876cd68",
        "type": "github"
      },
      "original": {
        "owner": "dolphin-emu",
        "repo": "dolphin",
        "type": "github"
      }
    },
    "firefox": {
      "inputs": {
        "cachix": "cachix",
        "mozilla": "mozilla",
        "nixpkgs": [
          "nixpkgs"
        ]
      },
      "locked": {
        "lastModified": 1620568242,
        "narHash": "sha256-aPsgqsen8/cAkFIQRTQy4YrjBVU+Gc33xnihRqMAbXk=",
        "owner": "colemickens",
        "repo": "flake-firefox-nightly",
        "rev": "a7b9ea335179f07fd0b6bcef52fdc1636a5a8c1c",
        "type": "github"
      },
      "original": {
        "owner": "colemickens",
        "repo": "flake-firefox-nightly",
        "type": "github"
      }
    },
    "flake-ndi": {
      "inputs": {
        "nixpkgs": "nixpkgs_2"
      },
      "locked": {
        "lastModified": 1620529150,
        "narHash": "sha256-vM2LnGfO61ZPB/WLYFesLam5auTHK891fmXNvYrfYRk=",
        "owner": "matthewcroughan",
        "repo": "flake-ndi",
        "rev": "b3d10828b05b0ea265075107a5232be92d744c3b",
        "type": "github"
      },
      "original": {
        "owner": "matthewcroughan",
        "repo": "flake-ndi",
        "type": "github"
      }
    },
    "flake-utils": {
      "locked": {
        "lastModified": 1600209923,
        "narHash": "sha256-zoOWauTliFEjI++esk6Jzk7QO5EKpddWXQm9yQK24iM=",
        "owner": "numtide",
        "repo": "flake-utils",
        "rev": "3cd06d3c1df6879c9e41cb2c33113df10566c760",
        "type": "github"
      },
      "original": {
        "owner": "numtide",
        "repo": "flake-utils",
        "type": "github"
      }
    },
    "flake-utils_2": {
      "locked": {
        "lastModified": 1610051610,
        "narHash": "sha256-U9rPz/usA1/Aohhk7Cmc2gBrEEKRzcW4nwPWMPwja4Y=",
        "owner": "numtide",
        "repo": "flake-utils",
        "rev": "3982c9903e93927c2164caa727cd3f6a0e6d14cc",
        "type": "github"
      },
      "original": {
        "owner": "numtide",
        "repo": "flake-utils",
        "type": "github"
      }
    },
    "home-manager": {
      "inputs": {
        "nixpkgs": "nixpkgs_3"
      },
      "locked": {
        "lastModified": 1620598390,
        "narHash": "sha256-Ue/lBfM+q5jZCC9xpElXH7NJET1v9NC1AgmeNCUC0BE=",
        "owner": "nix-community",
        "repo": "home-manager",
        "rev": "3b799f6ea42f850316ae4741ff323dc74ce09467",
        "type": "github"
      },
      "original": {
        "owner": "nix-community",
        "repo": "home-manager",
        "type": "github"
      }
    },
    "mozilla": {
      "flake": false,
      "locked": {
        "lastModified": 1603906276,
        "narHash": "sha256-RsNPnEKd7BcogwkqhaV5kI/HuNC4flH/OQCC/4W5y/8=",
        "owner": "mozilla",
        "repo": "nixpkgs-mozilla",
        "rev": "8c007b60731c07dd7a052cce508de3bb1ae849b4",
        "type": "github"
      },
      "original": {
        "owner": "mozilla",
        "repo": "nixpkgs-mozilla",
        "type": "github"
      }
    },
    "nixpkgs": {
      "locked": {
        "lastModified": 1599148892,
        "narHash": "sha256-V76c6DlI0ZZffvbBpxGlpVSpXxZ14QpFHwAvEEujIsY=",
        "owner": "NixOS",
        "repo": "nixpkgs",
        "rev": "7ff50a7f7b9a701228f870813fe58f01950f870b",
        "type": "github"
      },
      "original": {
        "id": "nixpkgs",
        "type": "indirect"
      }
    },
    "nixpkgs-wayland": {
      "inputs": {
        "cachix": "cachix_2",
        "nixpkgs": "nixpkgs_5"
      },
      "locked": {
        "lastModified": 1620554664,
        "narHash": "sha256-z4lizaHL1rQ2qsNTug0G8+cTO9uAiYr8IMnXlbsbSO4=",
        "owner": "colemickens",
        "repo": "nixpkgs-wayland",
        "rev": "aa8a8adc8bac6297d6fef790fb1cbbffefeb4e10",
        "type": "github"
      },
      "original": {
        "owner": "colemickens",
        "repo": "nixpkgs-wayland",
        "type": "github"
      }
    },
    "nixpkgs_2": {
      "locked": {
        "lastModified": 1620340338,
        "narHash": "sha256-Op/4K0+Z9Sp5jtFH0s/zMM4H7VFZxrekcAmjQ6JpQ4w=",
        "owner": "nixos",
        "repo": "nixpkgs",
        "rev": "63586475587d7e0e078291ad4b49b6f6a6885100",
        "type": "github"
      },
      "original": {
        "owner": "nixos",
        "ref": "nixos-unstable",
        "repo": "nixpkgs",
        "type": "github"
      }
    },
    "nixpkgs_3": {
      "locked": {
        "lastModified": 1620609985,
        "narHash": "sha256-0585xj+I1ZxEMvELjt7FJEe/Niqj26apVFBkxC7zDqE=",
        "owner": "NixOS",
        "repo": "nixpkgs",
        "rev": "975fd299713554077b983e76fda8cd135c957506",
        "type": "github"
      },
      "original": {
        "id": "nixpkgs",
        "type": "indirect"
      }
    },
    "nixpkgs_4": {
      "locked": {
        "lastModified": 1620340338,
        "narHash": "sha256-Op/4K0+Z9Sp5jtFH0s/zMM4H7VFZxrekcAmjQ6JpQ4w=",
        "owner": "nixos",
        "repo": "nixpkgs",
        "rev": "63586475587d7e0e078291ad4b49b6f6a6885100",
        "type": "github"
      },
      "original": {
        "owner": "nixos",
        "ref": "nixos-unstable",
        "repo": "nixpkgs",
        "type": "github"
      }
    },
    "nixpkgs_5": {
      "locked": {
        "lastModified": 1620340338,
        "narHash": "sha256-Op/4K0+Z9Sp5jtFH0s/zMM4H7VFZxrekcAmjQ6JpQ4w=",
        "owner": "nixos",
        "repo": "nixpkgs",
        "rev": "63586475587d7e0e078291ad4b49b6f6a6885100",
        "type": "github"
      },
      "original": {
        "owner": "nixos",
        "ref": "nixos-unstable",
        "repo": "nixpkgs",
        "type": "github"
      }
    },
    "nixpkgs_6": {
      "locked": {
        "lastModified": 1610219734,
        "narHash": "sha256-hCsGe2nDz+SX4uO+lj0qPVcSGZdt52R9Yk5MOYs4djw=",
        "owner": "NixOS",
        "repo": "nixpkgs",
        "rev": "257cbbcd3ab7bd96f5d24d50adc807de7c82e06d",
        "type": "github"
      },
      "original": {
        "owner": "NixOS",
        "ref": "nixos-unstable",
        "repo": "nixpkgs",
        "type": "github"
      }
    },
    "nixpkgs_7": {
      "locked": {
        "lastModified": 1612285001,
        "narHash": "sha256-YTdd03F2+rZEqpfD12+Mwt3EuV/GdlvJ5QhnzujrZAQ=",
        "owner": "NixOS",
        "repo": "nixpkgs",
        "rev": "90cec09c3642b9be6699015a35e404ecb503aa0d",
        "type": "github"
      },
      "original": {
        "owner": "NixOS",
        "ref": "nixos-20.09",
        "repo": "nixpkgs",
        "type": "github"
      }
    },
    "nur": {
      "locked": {
        "lastModified": 1620604627,
        "narHash": "sha256-zL0uFLiG8c2f5TxcNbXgnJWZLCiTTGJ0vavjJJnHBVs=",
        "owner": "nix-community",
        "repo": "NUR",
        "rev": "793ad7b797c484bdef6c81681b1e924c3470e1ef",
        "type": "github"
      },
      "original": {
        "owner": "nix-community",
        "repo": "NUR",
        "type": "github"
      }
    },
    "robotnix": {
      "inputs": {
        "androidPkgs": "androidPkgs",
        "nixpkgs": "nixpkgs_7"
      },
      "locked": {
        "lastModified": 1620534599,
        "narHash": "sha256-DQoiSybeNBAIzraxRsiqqxOLIjTvvxgvdG6ZXVdxktA=",
        "owner": "danielfullmer",
        "repo": "robotnix",
        "rev": "aea4d4c65c5020eb67eb34a5503cfd53b3269956",
        "type": "github"
      },
      "original": {
        "owner": "danielfullmer",
        "repo": "robotnix",
        "type": "github"
      }
    },
    "root": {
      "inputs": {
        "agenix": "agenix",
        "dolphin-emu": "dolphin-emu",
        "firefox": "firefox",
        "flake-ndi": "flake-ndi",
        "home-manager": "home-manager",
        "nixpkgs": "nixpkgs_4",
        "nixpkgs-wayland": "nixpkgs-wayland",
        "nur": "nur",
        "robotnix": "robotnix"
      }
    }
  },
  "root": "root",
  "version": 7
}
