{
  "nodes": {
    "cachix": {
      "locked": {
        "lastModified": 1608892876,
        "narHash": "sha256-NUSLHOfYGdu3F5iQuG3aSQep0U2ThOIwpD1dIedsPok=",
        "owner": "nixos",
        "repo": "nixpkgs",
        "rev": "ae1b121d9a68518dbf46124397e34e465d3cdf6c",
        "type": "github"
      },
      "original": {
        "owner": "nixos",
        "ref": "nixos-20.09",
        "repo": "nixpkgs",
        "type": "github"
      }
    },
    "cachix_2": {
      "locked": {
        "lastModified": 1609026361,
        "narHash": "sha256-/cvQozy7j2FTuXmpVgVv7H85kL89zWUVrmqhc42ehbo=",
        "owner": "nixos",
        "repo": "nixpkgs",
        "rev": "0c81b9a4f170f734bd7e587a39e56470c59733e7",
        "type": "github"
      },
      "original": {
        "owner": "nixos",
        "ref": "nixos-20.09",
        "repo": "nixpkgs",
        "type": "github"
      }
    },
    "firefox": {
      "inputs": {
        "cachix": "cachix",
        "mozilla": "mozilla",
        "nixpkgs": [
          "nixpkgs"
        ]
      },
      "locked": {
        "lastModified": 1609074351,
        "narHash": "sha256-gIjRvj6TbKDS6G9zcH6vdBGbs7o2zCrDAcc6Wk8hsq8=",
        "owner": "colemickens",
        "repo": "flake-firefox-nightly",
        "rev": "e398deeff4e1f5bc9474752487ae9263b083dbf6",
        "type": "github"
      },
      "original": {
        "owner": "colemickens",
        "repo": "flake-firefox-nightly",
        "type": "github"
      }
    },
    "home-manager": {
      "inputs": {
        "nixpkgs": "nixpkgs"
      },
      "locked": {
        "lastModified": 1609081855,
        "narHash": "sha256-wxTOLR1BSMojbJ8N2pIsaf6+AD4WZNeCSP34OKiJfvE=",
        "owner": "nix-community",
        "repo": "home-manager",
        "rev": "5263fe459413a411e51355bfae5b5673b481dbe3",
        "type": "github"
      },
      "original": {
        "owner": "nix-community",
        "repo": "home-manager",
        "type": "github"
      }
    },
    "mozilla": {
      "flake": false,
      "locked": {
        "lastModified": 1603906276,
        "narHash": "sha256-RsNPnEKd7BcogwkqhaV5kI/HuNC4flH/OQCC/4W5y/8=",
        "owner": "mozilla",
        "repo": "nixpkgs-mozilla",
        "rev": "8c007b60731c07dd7a052cce508de3bb1ae849b4",
        "type": "github"
      },
      "original": {
        "owner": "mozilla",
        "repo": "nixpkgs-mozilla",
        "type": "github"
      }
    },
    "nixpkgs": {
      "locked": {
        "lastModified": 1609116143,
        "narHash": "sha256-Ah5ybnVZ3coQp/NVvCiVS1MAN8uUE8TS1RpmBEnq3wQ=",
        "owner": "NixOS",
        "repo": "nixpkgs",
        "rev": "70eebb05ff8134202b46d0a44ae86c1b1fb4f9b1",
        "type": "github"
      },
      "original": {
        "id": "nixpkgs",
        "type": "indirect"
      }
    },
    "nixpkgs-wayland": {
      "inputs": {
        "cachix": "cachix_2",
        "nixpkgs": "nixpkgs_3",
        "unstableSmall": "unstableSmall"
      },
      "locked": {
        "lastModified": 1609110250,
        "narHash": "sha256-gXo64HPprLS18TN8dx7vdzdbM37Bhcxwlh3Qmwh2cRw=",
        "owner": "colemickens",
        "repo": "nixpkgs-wayland",
        "rev": "bf8a65d671875ce86c6f9914af0e91f57dad40bd",
        "type": "github"
      },
      "original": {
        "owner": "colemickens",
        "repo": "nixpkgs-wayland",
        "type": "github"
      }
    },
    "nixpkgs_2": {
      "locked": {
        "lastModified": 1608956400,
        "narHash": "sha256-OJhKvh8jloV6NmpeggVJYQmslGPF3i8O82meVgKCePQ=",
        "owner": "nixos",
        "repo": "nixpkgs",
        "rev": "84917aa00bf23c88e5874c683abe05edb0ba4078",
        "type": "github"
      },
      "original": {
        "owner": "nixos",
        "ref": "nixos-unstable",
        "repo": "nixpkgs",
        "type": "github"
      }
    },
    "nixpkgs_3": {
      "locked": {
        "lastModified": 1608956400,
        "narHash": "sha256-OJhKvh8jloV6NmpeggVJYQmslGPF3i8O82meVgKCePQ=",
        "owner": "nixos",
        "repo": "nixpkgs",
        "rev": "84917aa00bf23c88e5874c683abe05edb0ba4078",
        "type": "github"
      },
      "original": {
        "owner": "nixos",
        "ref": "nixos-unstable",
        "repo": "nixpkgs",
        "type": "github"
      }
    },
    "nur": {
      "locked": {
        "lastModified": 1609104998,
        "narHash": "sha256-N6BKLuc9FbWXsgm3GIHaNps4AZ1CK2xRF676Qz04+hs=",
        "owner": "nix-community",
        "repo": "NUR",
        "rev": "311153913eddaee32f337bcb419da20cf9b8fb2a",
        "type": "github"
      },
      "original": {
        "owner": "nix-community",
        "repo": "NUR",
        "type": "github"
      }
    },
    "root": {
      "inputs": {
        "firefox": "firefox",
        "home-manager": "home-manager",
        "nixpkgs": "nixpkgs_2",
        "nixpkgs-wayland": "nixpkgs-wayland",
        "nur": "nur"
      }
    },
    "unstableSmall": {
      "locked": {
        "lastModified": 1609077552,
        "narHash": "sha256-8DGeu+Nu7P79AE+yGLwXc+AeJusIVGg77PxlA5xUjDs=",
        "owner": "nixos",
        "repo": "nixpkgs",
        "rev": "c958c1b6b2f94f2d1e45809cf4097aa72439130a",
        "type": "github"
      },
      "original": {
        "owner": "nixos",
        "ref": "nixos-unstable-small",
        "repo": "nixpkgs",
        "type": "github"
      }
    }
  },
  "root": "root",
  "version": 7
}
